// !$*UTF8*$!
{
	archiveVersion = 1;
	classes = {
	};
	objectVersion = 46;
	objects = {

/* Begin PBXBuildFile section */
		470942FC1DD5E87A0099BDA6 /* AppDelegate.swift in Sources */ = {isa = PBXBuildFile; fileRef = 470942FB1DD5E87A0099BDA6 /* AppDelegate.swift */; };
		470943001DD5E87A0099BDA6 /* Assets.xcassets in Resources */ = {isa = PBXBuildFile; fileRef = 470942FF1DD5E87A0099BDA6 /* Assets.xcassets */; };
		470943031DD5E87A0099BDA6 /* Main.storyboard in Resources */ = {isa = PBXBuildFile; fileRef = 470943011DD5E87A0099BDA6 /* Main.storyboard */; };
		474663E11DDA3F06007FAC94 /* FixSecuritySettingsVC.swift in Sources */ = {isa = PBXBuildFile; fileRef = 474663E01DDA3F06007FAC94 /* FixSecuritySettingsVC.swift */; };
		47692E8F1DEC578100FA9281 /* Scripts in Resources */ = {isa = PBXBuildFile; fileRef = 47692E8E1DEC578100FA9281 /* Scripts */; };
		47F089CF1DDC9A9000171D0D /* restoreMarksOrigSettings.sh in Resources */ = {isa = PBXBuildFile; fileRef = 47F089CE1DDC9A9000171D0D /* restoreMarksOrigSettings.sh */; };
		47F089D11DDC9BB200171D0D /* viewCurrentSettings.sh in Resources */ = {isa = PBXBuildFile; fileRef = 47F089D01DDC9BB200171D0D /* viewCurrentSettings.sh */; };
		47F089D51DDD5F9900171D0D /* template.sh in Resources */ = {isa = PBXBuildFile; fileRef = 47F089D41DDD5F9900171D0D /* template.sh */; };
		47F08A031DE4543800171D0D /* Localizable.strings in Resources */ = {isa = PBXBuildFile; fileRef = 47F08A051DE4543800171D0D /* Localizable.strings */; };
		47F08A091DE4543900171D0D /* InfoPlist.strings in Resources */ = {isa = PBXBuildFile; fileRef = 47F08A0B1DE4543900171D0D /* InfoPlist.strings */; };
/* End PBXBuildFile section */

/* Begin PBXFileReference section */
		470942F81DD5E87A0099BDA6 /* Security-Fixer-Upper.app */ = {isa = PBXFileReference; explicitFileType = wrapper.application; includeInIndex = 0; path = "Security-Fixer-Upper.app"; sourceTree = BUILT_PRODUCTS_DIR; };
		470942FB1DD5E87A0099BDA6 /* AppDelegate.swift */ = {isa = PBXFileReference; lastKnownFileType = sourcecode.swift; path = AppDelegate.swift; sourceTree = "<group>"; };
		470942FF1DD5E87A0099BDA6 /* Assets.xcassets */ = {isa = PBXFileReference; lastKnownFileType = folder.assetcatalog; path = Assets.xcassets; sourceTree = "<group>"; };
		470943021DD5E87A0099BDA6 /* Base */ = {isa = PBXFileReference; lastKnownFileType = file.storyboard; name = Base; path = Base.lproj/Main.storyboard; sourceTree = "<group>"; };
		470943041DD5E87A0099BDA6 /* Info.plist */ = {isa = PBXFileReference; lastKnownFileType = text.plist.xml; path = Info.plist; sourceTree = "<group>"; };
		474663E01DDA3F06007FAC94 /* FixSecuritySettingsVC.swift */ = {isa = PBXFileReference; fileEncoding = 4; lastKnownFileType = sourcecode.swift; path = FixSecuritySettingsVC.swift; sourceTree = "<group>"; };
		47692E8E1DEC578100FA9281 /* Scripts */ = {isa = PBXFileReference; lastKnownFileType = folder; path = Scripts; sourceTree = "<group>"; };
		47F089CE1DDC9A9000171D0D /* restoreMarksOrigSettings.sh */ = {isa = PBXFileReference; fileEncoding = 4; lastKnownFileType = text.script.sh; path = restoreMarksOrigSettings.sh; sourceTree = "<group>"; };
		47F089D01DDC9BB200171D0D /* viewCurrentSettings.sh */ = {isa = PBXFileReference; fileEncoding = 4; lastKnownFileType = text.script.sh; path = viewCurrentSettings.sh; sourceTree = "<group>"; };
		47F089D41DDD5F9900171D0D /* template.sh */ = {isa = PBXFileReference; fileEncoding = 4; lastKnownFileType = text.script.sh; path = template.sh; sourceTree = "<group>"; };
		47F08A041DE4543800171D0D /* tr */ = {isa = PBXFileReference; lastKnownFileType = text.plist.strings; name = tr; path = tr.lproj/Localizable.strings; sourceTree = "<group>"; };
		47F08A061DE4543800171D0D /* tr */ = {isa = PBXFileReference; lastKnownFileType = text.plist.strings; name = tr; path = tr.lproj/Main.strings; sourceTree = "<group>"; };
		47F08A0A1DE4543900171D0D /* tr */ = {isa = PBXFileReference; lastKnownFileType = text.plist.strings; name = tr; path = tr.lproj/InfoPlist.strings; sourceTree = "<group>"; };
		47F08A0C1DE4852D00171D0D /* ru */ = {isa = PBXFileReference; lastKnownFileType = text.plist.strings; name = ru; path = ru.lproj/Localizable.strings; sourceTree = "<group>"; };
		47F08A0D1DE4852D00171D0D /* ru */ = {isa = PBXFileReference; lastKnownFileType = text.plist.strings; name = ru; path = ru.lproj/Main.strings; sourceTree = "<group>"; };
		47F08A0E1DE4852D00171D0D /* ru */ = {isa = PBXFileReference; lastKnownFileType = text.plist.strings; name = ru; path = ru.lproj/InfoPlist.strings; sourceTree = "<group>"; };
/* End PBXFileReference section */

/* Begin PBXFrameworksBuildPhase section */
		470942F51DD5E87A0099BDA6 /* Frameworks */ = {
			isa = PBXFrameworksBuildPhase;
			buildActionMask = 2147483647;
			files = (
			);
			runOnlyForDeploymentPostprocessing = 0;
		};
/* End PBXFrameworksBuildPhase section */

/* Begin PBXGroup section */
		470942EF1DD5E87A0099BDA6 = {
			isa = PBXGroup;
			children = (
				470942FA1DD5E87A0099BDA6 /* Security-Fixer-Upper */,
				470942F91DD5E87A0099BDA6 /* Products */,
			);
			sourceTree = "<group>";
		};
		470942F91DD5E87A0099BDA6 /* Products */ = {
			isa = PBXGroup;
			children = (
				470942F81DD5E87A0099BDA6 /* Security-Fixer-Upper.app */,
			);
			name = Products;
			sourceTree = "<group>";
		};
		470942FA1DD5E87A0099BDA6 /* Security-Fixer-Upper */ = {
			isa = PBXGroup;
			children = (
				470943011DD5E87A0099BDA6 /* Main.storyboard */,
				474663E01DDA3F06007FAC94 /* FixSecuritySettingsVC.swift */,
				47692E8E1DEC578100FA9281 /* Scripts */,
				47F08A0B1DE4543900171D0D /* InfoPlist.strings */,
				47F08A051DE4543800171D0D /* Localizable.strings */,
				470942FB1DD5E87A0099BDA6 /* AppDelegate.swift */,
				470942FF1DD5E87A0099BDA6 /* Assets.xcassets */,
				47F089D31DDCAA1300171D0D /* Misc Scripts */,
				470943041DD5E87A0099BDA6 /* Info.plist */,
			);
			name = "Security-Fixer-Upper";
			path = "PACT Mac Security App";
			sourceTree = "<group>";
		};
		47F089D31DDCAA1300171D0D /* Misc Scripts */ = {
			isa = PBXGroup;
			children = (
				47F089D41DDD5F9900171D0D /* template.sh */,
				47F089CE1DDC9A9000171D0D /* restoreMarksOrigSettings.sh */,
				47F089D01DDC9BB200171D0D /* viewCurrentSettings.sh */,
			);
			name = "Misc Scripts";
			path = MiscScripts;
			sourceTree = "<group>";
		};
/* End PBXGroup section */

/* Begin PBXNativeTarget section */
		470942F71DD5E87A0099BDA6 /* Security-Fixer-Upper */ = {
			isa = PBXNativeTarget;
			buildConfigurationList = 470943071DD5E87A0099BDA6 /* Build configuration list for PBXNativeTarget "Security-Fixer-Upper" */;
			buildPhases = (
				470942F41DD5E87A0099BDA6 /* Sources */,
				470942F51DD5E87A0099BDA6 /* Frameworks */,
				470942F61DD5E87A0099BDA6 /* Resources */,
			);
			buildRules = (
			);
			dependencies = (
			);
			name = "Security-Fixer-Upper";
			productName = "PACT Mac Security App";
			productReference = 470942F81DD5E87A0099BDA6 /* Security-Fixer-Upper.app */;
			productType = "com.apple.product-type.application";
		};
/* End PBXNativeTarget section */

/* Begin PBXProject section */
		470942F01DD5E87A0099BDA6 /* Project object */ = {
			isa = PBXProject;
			attributes = {
				LastSwiftUpdateCheck = 0810;
				LastUpgradeCheck = 0810;
				ORGANIZATIONNAME = "Mark Briggs";
				TargetAttributes = {
					470942F71DD5E87A0099BDA6 = {
						CreatedOnToolsVersion = 8.1;
						DevelopmentTeam = FQ6JHNT6KD;
						ProvisioningStyle = Automatic;
					};
				};
			};
			buildConfigurationList = 470942F31DD5E87A0099BDA6 /* Build configuration list for PBXProject "Security-Fixer-Upper" */;
			compatibilityVersion = "Xcode 3.2";
			developmentRegion = English;
			hasScannedForEncodings = 0;
			knownRegions = (
				en,
				Base,
			);
			mainGroup = 470942EF1DD5E87A0099BDA6;
			productRefGroup = 470942F91DD5E87A0099BDA6 /* Products */;
			projectDirPath = "";
			projectRoot = "";
			targets = (
				470942F71DD5E87A0099BDA6 /* Security-Fixer-Upper */,
			);
		};
/* End PBXProject section */

/* Begin PBXResourcesBuildPhase section */
		470942F61DD5E87A0099BDA6 /* Resources */ = {
			isa = PBXResourcesBuildPhase;
			buildActionMask = 2147483647;
			files = (
				47F089D11DDC9BB200171D0D /* viewCurrentSettings.sh in Resources */,
				47692E8F1DEC578100FA9281 /* Scripts in Resources */,
				47F089D51DDD5F9900171D0D /* template.sh in Resources */,
				47F089CF1DDC9A9000171D0D /* restoreMarksOrigSettings.sh in Resources */,
				47F08A031DE4543800171D0D /* Localizable.strings in Resources */,
				470943001DD5E87A0099BDA6 /* Assets.xcassets in Resources */,
				47F08A091DE4543900171D0D /* InfoPlist.strings in Resources */,
				470943031DD5E87A0099BDA6 /* Main.storyboard in Resources */,
			);
			runOnlyForDeploymentPostprocessing = 0;
		};
/* End PBXResourcesBuildPhase section */

/* Begin PBXSourcesBuildPhase section */
		470942F41DD5E87A0099BDA6 /* Sources */ = {
			isa = PBXSourcesBuildPhase;
			buildActionMask = 2147483647;
			files = (
				474663E11DDA3F06007FAC94 /* FixSecuritySettingsVC.swift in Sources */,
				470942FC1DD5E87A0099BDA6 /* AppDelegate.swift in Sources */,
			);
			runOnlyForDeploymentPostprocessing = 0;
		};
/* End PBXSourcesBuildPhase section */

/* Begin PBXVariantGroup section */
		470943011DD5E87A0099BDA6 /* Main.storyboard */ = {
			isa = PBXVariantGroup;
			children = (
				470943021DD5E87A0099BDA6 /* Base */,
				47F08A061DE4543800171D0D /* tr */,
				47F08A0D1DE4852D00171D0D /* ru */,
			);
			name = Main.storyboard;
			sourceTree = "<group>";
		};
		47F08A051DE4543800171D0D /* Localizable.strings */ = {
			isa = PBXVariantGroup;
			children = (
				47F08A041DE4543800171D0D /* tr */,
				47F08A0C1DE4852D00171D0D /* ru */,
			);
			name = Localizable.strings;
			sourceTree = "<group>";
		};
		47F08A0B1DE4543900171D0D /* InfoPlist.strings */ = {
			isa = PBXVariantGroup;
			children = (
				47F08A0A1DE4543900171D0D /* tr */,
				47F08A0E1DE4852D00171D0D /* ru */,
			);
			name = InfoPlist.strings;
			sourceTree = "<group>";
		};
/* End PBXVariantGroup section */

/* Begin XCBuildConfiguration section */
		470943051DD5E87A0099BDA6 /* Debug */ = {
			isa = XCBuildConfiguration;
			buildSettings = {
				ALWAYS_SEARCH_USER_PATHS = NO;
				CLANG_ANALYZER_NONNULL = YES;
				CLANG_CXX_LANGUAGE_STANDARD = "gnu++0x";
				CLANG_CXX_LIBRARY = "libc++";
				CLANG_ENABLE_MODULES = YES;
				CLANG_ENABLE_OBJC_ARC = YES;
				CLANG_WARN_BOOL_CONVERSION = YES;
				CLANG_WARN_CONSTANT_CONVERSION = YES;
				CLANG_WARN_DIRECT_OBJC_ISA_USAGE = YES_ERROR;
				CLANG_WARN_DOCUMENTATION_COMMENTS = YES;
				CLANG_WARN_EMPTY_BODY = YES;
				CLANG_WARN_ENUM_CONVERSION = YES;
				CLANG_WARN_INFINITE_RECURSION = YES;
				CLANG_WARN_INT_CONVERSION = YES;
				CLANG_WARN_OBJC_ROOT_CLASS = YES_ERROR;
				CLANG_WARN_SUSPICIOUS_MOVES = YES;
				CLANG_WARN_UNREACHABLE_CODE = YES;
				CLANG_WARN__DUPLICATE_METHOD_MATCH = YES;
				CODE_SIGN_IDENTITY = "-";
				COPY_PHASE_STRIP = NO;
				DEBUG_INFORMATION_FORMAT = dwarf;
				ENABLE_STRICT_OBJC_MSGSEND = YES;
				ENABLE_TESTABILITY = YES;
				GCC_C_LANGUAGE_STANDARD = gnu99;
				GCC_DYNAMIC_NO_PIC = NO;
				GCC_NO_COMMON_BLOCKS = YES;
				GCC_OPTIMIZATION_LEVEL = 0;
				GCC_PREPROCESSOR_DEFINITIONS = (
					"DEBUG=1",
					"$(inherited)",
				);
				GCC_WARN_64_TO_32_BIT_CONVERSION = YES;
				GCC_WARN_ABOUT_RETURN_TYPE = YES_ERROR;
				GCC_WARN_UNDECLARED_SELECTOR = YES;
				GCC_WARN_UNINITIALIZED_AUTOS = YES_AGGRESSIVE;
				GCC_WARN_UNUSED_FUNCTION = YES;
				GCC_WARN_UNUSED_VARIABLE = YES;
				MACOSX_DEPLOYMENT_TARGET = 10.10;
				MTL_ENABLE_DEBUG_INFO = YES;
				ONLY_ACTIVE_ARCH = YES;
				SDKROOT = macosx;
				SWIFT_ACTIVE_COMPILATION_CONDITIONS = DEBUG;
				SWIFT_OPTIMIZATION_LEVEL = "-Onone";
			};
			name = Debug;
		};
		470943061DD5E87A0099BDA6 /* Release */ = {
			isa = XCBuildConfiguration;
			buildSettings = {
				ALWAYS_SEARCH_USER_PATHS = NO;
				CLANG_ANALYZER_NONNULL = YES;
				CLANG_CXX_LANGUAGE_STANDARD = "gnu++0x";
				CLANG_CXX_LIBRARY = "libc++";
				CLANG_ENABLE_MODULES = YES;
				CLANG_ENABLE_OBJC_ARC = YES;
				CLANG_WARN_BOOL_CONVERSION = YES;
				CLANG_WARN_CONSTANT_CONVERSION = YES;
				CLANG_WARN_DIRECT_OBJC_ISA_USAGE = YES_ERROR;
				CLANG_WARN_DOCUMENTATION_COMMENTS = YES;
				CLANG_WARN_EMPTY_BODY = YES;
				CLANG_WARN_ENUM_CONVERSION = YES;
				CLANG_WARN_INFINITE_RECURSION = YES;
				CLANG_WARN_INT_CONVERSION = YES;
				CLANG_WARN_OBJC_ROOT_CLASS = YES_ERROR;
				CLANG_WARN_SUSPICIOUS_MOVES = YES;
				CLANG_WARN_UNREACHABLE_CODE = YES;
				CLANG_WARN__DUPLICATE_METHOD_MATCH = YES;
				CODE_SIGN_IDENTITY = "-";
				COPY_PHASE_STRIP = NO;
				DEBUG_INFORMATION_FORMAT = "dwarf-with-dsym";
				ENABLE_NS_ASSERTIONS = NO;
				ENABLE_STRICT_OBJC_MSGSEND = YES;
				GCC_C_LANGUAGE_STANDARD = gnu99;
				GCC_NO_COMMON_BLOCKS = YES;
				GCC_WARN_64_TO_32_BIT_CONVERSION = YES;
				GCC_WARN_ABOUT_RETURN_TYPE = YES_ERROR;
				GCC_WARN_UNDECLARED_SELECTOR = YES;
				GCC_WARN_UNINITIALIZED_AUTOS = YES_AGGRESSIVE;
				GCC_WARN_UNUSED_FUNCTION = YES;
				GCC_WARN_UNUSED_VARIABLE = YES;
				MACOSX_DEPLOYMENT_TARGET = 10.10;
				MTL_ENABLE_DEBUG_INFO = NO;
				SDKROOT = macosx;
				SWIFT_OPTIMIZATION_LEVEL = "-Owholemodule";
			};
			name = Release;
		};
		470943081DD5E87A0099BDA6 /* Debug */ = {
			isa = XCBuildConfiguration;
			buildSettings = {
				ASSETCATALOG_COMPILER_APPICON_NAME = AppIcon;
				COMBINE_HIDPI_IMAGES = YES;
				DEVELOPMENT_TEAM = FQ6JHNT6KD;
				INFOPLIST_FILE = "PACT Mac Security App/Info.plist";
				LD_RUNPATH_SEARCH_PATHS = "$(inherited) @executable_path/../Frameworks";
				MACOSX_DEPLOYMENT_TARGET = 10.10;
				PRODUCT_BUNDLE_IDENTIFIER = "briggs-inc.security-fixer-upper";
				PRODUCT_NAME = "$(TARGET_NAME)";
				SWIFT_VERSION = 3.0;
			};
			name = Debug;
		};
		470943091DD5E87A0099BDA6 /* Release */ = {
			isa = XCBuildConfiguration;
			buildSettings = {
				ASSETCATALOG_COMPILER_APPICON_NAME = AppIcon;
				COMBINE_HIDPI_IMAGES = YES;
				DEVELOPMENT_TEAM = FQ6JHNT6KD;
				INFOPLIST_FILE = "PACT Mac Security App/Info.plist";
				LD_RUNPATH_SEARCH_PATHS = "$(inherited) @executable_path/../Frameworks";
				MACOSX_DEPLOYMENT_TARGET = 10.10;
				PRODUCT_BUNDLE_IDENTIFIER = "briggs-inc.security-fixer-upper";
				PRODUCT_NAME = "$(TARGET_NAME)";
				SWIFT_VERSION = 3.0;
			};
			name = Release;
		};
/* End XCBuildConfiguration section */

/* Begin XCConfigurationList section */
		470942F31DD5E87A0099BDA6 /* Build configuration list for PBXProject "Security-Fixer-Upper" */ = {
			isa = XCConfigurationList;
			buildConfigurations = (
				470943051DD5E87A0099BDA6 /* Debug */,
				470943061DD5E87A0099BDA6 /* Release */,
			);
			defaultConfigurationIsVisible = 0;
			defaultConfigurationName = Release;
		};
		470943071DD5E87A0099BDA6 /* Build configuration list for PBXNativeTarget "Security-Fixer-Upper" */ = {
			isa = XCConfigurationList;
			buildConfigurations = (
				470943081DD5E87A0099BDA6 /* Debug */,
				470943091DD5E87A0099BDA6 /* Release */,
			);
			defaultConfigurationIsVisible = 0;
			defaultConfigurationName = Release;
		};
/* End XCConfigurationList section */
	};
	rootObject = 470942F01DD5E87A0099BDA6 /* Project object */;
}
